// !$*UTF8*$!
{
	archiveVersion = 1;
	classes = {
	};
	objectVersion = 56;
	objects = {

/* Begin PBXBuildFile section */
		3B37F73A2AB3BA8100763D65 /* RemindersAppCloneApp.swift in Sources */ = {isa = PBXBuildFile; fileRef = 3B37F7392AB3BA8100763D65 /* RemindersAppCloneApp.swift */; };
		3B37F73C2AB3BA8100763D65 /* ContentView.swift in Sources */ = {isa = PBXBuildFile; fileRef = 3B37F73B2AB3BA8100763D65 /* ContentView.swift */; };
		3B37F73E2AB3BA8200763D65 /* Assets.xcassets in Resources */ = {isa = PBXBuildFile; fileRef = 3B37F73D2AB3BA8200763D65 /* Assets.xcassets */; };
		3B37F7412AB3BA8200763D65 /* Preview Assets.xcassets in Resources */ = {isa = PBXBuildFile; fileRef = 3B37F7402AB3BA8200763D65 /* Preview Assets.xcassets */; };
		3B37F74E2AB3BB2600763D65 /* Mylist.swift in Sources */ = {isa = PBXBuildFile; fileRef = 3B37F74D2AB3BB2600763D65 /* Mylist.swift */; };
		3B37F7502AB3BBD700763D65 /* Reminder.swift in Sources */ = {isa = PBXBuildFile; fileRef = 3B37F74F2AB3BBD700763D65 /* Reminder.swift */; };
		3B37F7522AB3DADC00763D65 /* AddNewListScreen.swift in Sources */ = {isa = PBXBuildFile; fileRef = 3B37F7512AB3DADC00763D65 /* AddNewListScreen.swift */; };
		3B37F7542AB4504200763D65 /* AddNewReminderScreen.swift in Sources */ = {isa = PBXBuildFile; fileRef = 3B37F7532AB4504200763D65 /* AddNewReminderScreen.swift */; };
		3B37F7562AB99D2700763D65 /* ReminderCellView.swift in Sources */ = {isa = PBXBuildFile; fileRef = 3B37F7552AB99D2700763D65 /* ReminderCellView.swift */; };
		3B37F7592AB9A06400763D65 /* Date + Extensions.swift in Sources */ = {isa = PBXBuildFile; fileRef = 3B37F7582AB9A06400763D65 /* Date + Extensions.swift */; };
		3B37F75D2AB9A1F400763D65 /* ReminderDetailScreen.swift in Sources */ = {isa = PBXBuildFile; fileRef = 3B37F75C2AB9A1F400763D65 /* ReminderDetailScreen.swift */; };
		3B37F7602AB9A38700763D65 /* CustomOperator.swift in Sources */ = {isa = PBXBuildFile; fileRef = 3B37F75F2AB9A38700763D65 /* CustomOperator.swift */; };
		3B37F7622AB9A71300763D65 /* SelectListView.swift in Sources */ = {isa = PBXBuildFile; fileRef = 3B37F7612AB9A71300763D65 /* SelectListView.swift */; };
		3B37F7642AB9B1C700763D65 /* Delay.swift in Sources */ = {isa = PBXBuildFile; fileRef = 3B37F7632AB9B1C700763D65 /* Delay.swift */; };
		3B37F7672ABB2DAA00763D65 /* ReminderListView.swift in Sources */ = {isa = PBXBuildFile; fileRef = 3B37F7662ABB2DAA00763D65 /* ReminderListView.swift */; };
		3B37F7692ABB577900763D65 /* ContentView1.swift in Sources */ = {isa = PBXBuildFile; fileRef = 3B37F7682ABB577900763D65 /* ContentView1.swift */; };
		3B37F76B2ABB593900763D65 /* AddListButton.swift in Sources */ = {isa = PBXBuildFile; fileRef = 3B37F76A2ABB593900763D65 /* AddListButton.swift */; };
		3B37F7742ABC9FA700763D65 /* UIColorTransofrmer.swift in Sources */ = {isa = PBXBuildFile; fileRef = 3B37F7732ABC9FA700763D65 /* UIColorTransofrmer.swift */; };
		3B37F7762ABCA2C200763D65 /* ColorPickerView.swift in Sources */ = {isa = PBXBuildFile; fileRef = 3B37F7752ABCA2C200763D65 /* ColorPickerView.swift */; };
		3B37F7782ABCE13100763D65 /* MyListView.swift in Sources */ = {isa = PBXBuildFile; fileRef = 3B37F7772ABCE13100763D65 /* MyListView.swift */; };
		3B37F77A2ABCE4CF00763D65 /* MyListCellView.swift in Sources */ = {isa = PBXBuildFile; fileRef = 3B37F7792ABCE4CF00763D65 /* MyListCellView.swift */; };
/* End PBXBuildFile section */

/* Begin PBXFileReference section */
		3B37F7362AB3BA8100763D65 /* RemindersAppClone.app */ = {isa = PBXFileReference; explicitFileType = wrapper.application; includeInIndex = 0; path = RemindersAppClone.app; sourceTree = BUILT_PRODUCTS_DIR; };
		3B37F7392AB3BA8100763D65 /* RemindersAppCloneApp.swift */ = {isa = PBXFileReference; lastKnownFileType = sourcecode.swift; path = RemindersAppCloneApp.swift; sourceTree = "<group>"; };
		3B37F73B2AB3BA8100763D65 /* ContentView.swift */ = {isa = PBXFileReference; lastKnownFileType = sourcecode.swift; path = ContentView.swift; sourceTree = "<group>"; };
		3B37F73D2AB3BA8200763D65 /* Assets.xcassets */ = {isa = PBXFileReference; lastKnownFileType = folder.assetcatalog; path = Assets.xcassets; sourceTree = "<group>"; };
		3B37F7402AB3BA8200763D65 /* Preview Assets.xcassets */ = {isa = PBXFileReference; lastKnownFileType = folder.assetcatalog; path = "Preview Assets.xcassets"; sourceTree = "<group>"; };
		3B37F74D2AB3BB2600763D65 /* Mylist.swift */ = {isa = PBXFileReference; lastKnownFileType = sourcecode.swift; path = Mylist.swift; sourceTree = "<group>"; };
		3B37F74F2AB3BBD700763D65 /* Reminder.swift */ = {isa = PBXFileReference; lastKnownFileType = sourcecode.swift; path = Reminder.swift; sourceTree = "<group>"; };
		3B37F7512AB3DADC00763D65 /* AddNewListScreen.swift */ = {isa = PBXFileReference; lastKnownFileType = sourcecode.swift; path = AddNewListScreen.swift; sourceTree = "<group>"; };
		3B37F7532AB4504200763D65 /* AddNewReminderScreen.swift */ = {isa = PBXFileReference; lastKnownFileType = sourcecode.swift; path = AddNewReminderScreen.swift; sourceTree = "<group>"; };
		3B37F7552AB99D2700763D65 /* ReminderCellView.swift */ = {isa = PBXFileReference; lastKnownFileType = sourcecode.swift; path = ReminderCellView.swift; sourceTree = "<group>"; };
		3B37F7582AB9A06400763D65 /* Date + Extensions.swift */ = {isa = PBXFileReference; lastKnownFileType = sourcecode.swift; path = "Date + Extensions.swift"; sourceTree = "<group>"; };
		3B37F75C2AB9A1F400763D65 /* ReminderDetailScreen.swift */ = {isa = PBXFileReference; lastKnownFileType = sourcecode.swift; path = ReminderDetailScreen.swift; sourceTree = "<group>"; };
		3B37F75F2AB9A38700763D65 /* CustomOperator.swift */ = {isa = PBXFileReference; lastKnownFileType = sourcecode.swift; path = CustomOperator.swift; sourceTree = "<group>"; };
		3B37F7612AB9A71300763D65 /* SelectListView.swift */ = {isa = PBXFileReference; lastKnownFileType = sourcecode.swift; path = SelectListView.swift; sourceTree = "<group>"; };
		3B37F7632AB9B1C700763D65 /* Delay.swift */ = {isa = PBXFileReference; lastKnownFileType = sourcecode.swift; path = Delay.swift; sourceTree = "<group>"; };
		3B37F7662ABB2DAA00763D65 /* ReminderListView.swift */ = {isa = PBXFileReference; lastKnownFileType = sourcecode.swift; path = ReminderListView.swift; sourceTree = "<group>"; };
		3B37F7682ABB577900763D65 /* ContentView1.swift */ = {isa = PBXFileReference; lastKnownFileType = sourcecode.swift; path = ContentView1.swift; sourceTree = "<group>"; };
		3B37F76A2ABB593900763D65 /* AddListButton.swift */ = {isa = PBXFileReference; lastKnownFileType = sourcecode.swift; path = AddListButton.swift; sourceTree = "<group>"; };
		3B37F7732ABC9FA700763D65 /* UIColorTransofrmer.swift */ = {isa = PBXFileReference; lastKnownFileType = sourcecode.swift; path = UIColorTransofrmer.swift; sourceTree = "<group>"; };
		3B37F7752ABCA2C200763D65 /* ColorPickerView.swift */ = {isa = PBXFileReference; lastKnownFileType = sourcecode.swift; path = ColorPickerView.swift; sourceTree = "<group>"; };
		3B37F7772ABCE13100763D65 /* MyListView.swift */ = {isa = PBXFileReference; lastKnownFileType = sourcecode.swift; path = MyListView.swift; sourceTree = "<group>"; };
		3B37F7792ABCE4CF00763D65 /* MyListCellView.swift */ = {isa = PBXFileReference; lastKnownFileType = sourcecode.swift; path = MyListCellView.swift; sourceTree = "<group>"; };
/* End PBXFileReference section */

/* Begin PBXFrameworksBuildPhase section */
		3B37F7332AB3BA8100763D65 /* Frameworks */ = {
			isa = PBXFrameworksBuildPhase;
			buildActionMask = 2147483647;
			files = (
			);
			runOnlyForDeploymentPostprocessing = 0;
		};
/* End PBXFrameworksBuildPhase section */

/* Begin PBXGroup section */
		3B37F72D2AB3BA8100763D65 = {
			isa = PBXGroup;
			children = (
				3B37F7382AB3BA8100763D65 /* RemindersAppClone */,
				3B37F7372AB3BA8100763D65 /* Products */,
			);
			sourceTree = "<group>";
		};
		3B37F7372AB3BA8100763D65 /* Products */ = {
			isa = PBXGroup;
			children = (
				3B37F7362AB3BA8100763D65 /* RemindersAppClone.app */,
			);
			name = Products;
			sourceTree = "<group>";
		};
		3B37F7382AB3BA8100763D65 /* RemindersAppClone */ = {
			isa = PBXGroup;
			children = (
				3B37F7702ABB84B500763D65 /* Previews */,
				3B37F75E2AB9A37400763D65 /* Utilities */,
				3B37F74A2AB3BAE300763D65 /* App */,
				3B37F7572AB9A05400763D65 /* Extensions */,
				3B37F7492AB3BAD900763D65 /* Screens */,
				3B37F7482AB3BACF00763D65 /* Views */,
				3B37F7472AB3BAC700763D65 /* Models */,
				3B37F73D2AB3BA8200763D65 /* Assets.xcassets */,
				3B37F73F2AB3BA8200763D65 /* Preview Content */,
			);
			path = RemindersAppClone;
			sourceTree = "<group>";
		};
		3B37F73F2AB3BA8200763D65 /* Preview Content */ = {
			isa = PBXGroup;
			children = (
				3B37F7402AB3BA8200763D65 /* Preview Assets.xcassets */,
			);
			path = "Preview Content";
			sourceTree = "<group>";
		};
		3B37F7472AB3BAC700763D65 /* Models */ = {
			isa = PBXGroup;
			children = (
				3B37F74D2AB3BB2600763D65 /* Mylist.swift */,
				3B37F74F2AB3BBD700763D65 /* Reminder.swift */,
			);
			path = Models;
			sourceTree = "<group>";
		};
		3B37F7482AB3BACF00763D65 /* Views */ = {
			isa = PBXGroup;
			children = (
				3B37F7552AB99D2700763D65 /* ReminderCellView.swift */,
				3B37F7612AB9A71300763D65 /* SelectListView.swift */,
				3B37F7662ABB2DAA00763D65 /* ReminderListView.swift */,
				3B37F76A2ABB593900763D65 /* AddListButton.swift */,
				3B37F7752ABCA2C200763D65 /* ColorPickerView.swift */,
				3B37F7772ABCE13100763D65 /* MyListView.swift */,
				3B37F7792ABCE4CF00763D65 /* MyListCellView.swift */,
			);
			path = Views;
			sourceTree = "<group>";
		};
		3B37F7492AB3BAD900763D65 /* Screens */ = {
			isa = PBXGroup;
			children = (
				3B37F73B2AB3BA8100763D65 /* ContentView.swift */,
				3B37F7512AB3DADC00763D65 /* AddNewListScreen.swift */,
				3B37F7532AB4504200763D65 /* AddNewReminderScreen.swift */,
				3B37F75C2AB9A1F400763D65 /* ReminderDetailScreen.swift */,
				3B37F7682ABB577900763D65 /* ContentView1.swift */,
			);
			path = Screens;
			sourceTree = "<group>";
		};
		3B37F74A2AB3BAE300763D65 /* App */ = {
			isa = PBXGroup;
			children = (
				3B37F7392AB3BA8100763D65 /* RemindersAppCloneApp.swift */,
			);
			path = App;
			sourceTree = "<group>";
		};
		3B37F7572AB9A05400763D65 /* Extensions */ = {
			isa = PBXGroup;
			children = (
				3B37F7582AB9A06400763D65 /* Date + Extensions.swift */,
			);
			path = Extensions;
			sourceTree = "<group>";
		};
		3B37F75E2AB9A37400763D65 /* Utilities */ = {
			isa = PBXGroup;
			children = (
				3B37F75F2AB9A38700763D65 /* CustomOperator.swift */,
				3B37F7632AB9B1C700763D65 /* Delay.swift */,
				3B37F7732ABC9FA700763D65 /* UIColorTransofrmer.swift */,
			);
			path = Utilities;
			sourceTree = "<group>";
		};
		3B37F7702ABB84B500763D65 /* Previews */ = {
			isa = PBXGroup;
			children = (
			);
			path = Previews;
			sourceTree = "<group>";
		};
/* End PBXGroup section */

/* Begin PBXNativeTarget section */
		3B37F7352AB3BA8100763D65 /* RemindersAppClone */ = {
			isa = PBXNativeTarget;
			buildConfigurationList = 3B37F7442AB3BA8200763D65 /* Build configuration list for PBXNativeTarget "RemindersAppClone" */;
			buildPhases = (
				3B37F7322AB3BA8100763D65 /* Sources */,
				3B37F7332AB3BA8100763D65 /* Frameworks */,
				3B37F7342AB3BA8100763D65 /* Resources */,
			);
			buildRules = (
			);
			dependencies = (
			);
			name = RemindersAppClone;
			productName = RemindersAppClone;
			productReference = 3B37F7362AB3BA8100763D65 /* RemindersAppClone.app */;
			productType = "com.apple.product-type.application";
		};
/* End PBXNativeTarget section */

/* Begin PBXProject section */
		3B37F72E2AB3BA8100763D65 /* Project object */ = {
			isa = PBXProject;
			attributes = {
				BuildIndependentTargetsInParallel = 1;
				LastSwiftUpdateCheck = 1500;
				LastUpgradeCheck = 1500;
				TargetAttributes = {
					3B37F7352AB3BA8100763D65 = {
						CreatedOnToolsVersion = 15.0;
					};
				};
			};
			buildConfigurationList = 3B37F7312AB3BA8100763D65 /* Build configuration list for PBXProject "RemindersAppClone" */;
			compatibilityVersion = "Xcode 14.0";
			developmentRegion = en;
			hasScannedForEncodings = 0;
			knownRegions = (
				en,
				Base,
			);
			mainGroup = 3B37F72D2AB3BA8100763D65;
			productRefGroup = 3B37F7372AB3BA8100763D65 /* Products */;
			projectDirPath = "";
			projectRoot = "";
			targets = (
				3B37F7352AB3BA8100763D65 /* RemindersAppClone */,
			);
		};
/* End PBXProject section */

/* Begin PBXResourcesBuildPhase section */
		3B37F7342AB3BA8100763D65 /* Resources */ = {
			isa = PBXResourcesBuildPhase;
			buildActionMask = 2147483647;
			files = (
				3B37F7412AB3BA8200763D65 /* Preview Assets.xcassets in Resources */,
				3B37F73E2AB3BA8200763D65 /* Assets.xcassets in Resources */,
			);
			runOnlyForDeploymentPostprocessing = 0;
		};
/* End PBXResourcesBuildPhase section */

/* Begin PBXSourcesBuildPhase section */
		3B37F7322AB3BA8100763D65 /* Sources */ = {
			isa = PBXSourcesBuildPhase;
			buildActionMask = 2147483647;
			files = (
				3B37F73C2AB3BA8100763D65 /* ContentView.swift in Sources */,
				3B37F76B2ABB593900763D65 /* AddListButton.swift in Sources */,
				3B37F73A2AB3BA8100763D65 /* RemindersAppCloneApp.swift in Sources */,
				3B37F77A2ABCE4CF00763D65 /* MyListCellView.swift in Sources */,
				3B37F7542AB4504200763D65 /* AddNewReminderScreen.swift in Sources */,
				3B37F7592AB9A06400763D65 /* Date + Extensions.swift in Sources */,
				3B37F7602AB9A38700763D65 /* CustomOperator.swift in Sources */,
				3B37F7782ABCE13100763D65 /* MyListView.swift in Sources */,
				3B37F7562AB99D2700763D65 /* ReminderCellView.swift in Sources */,
				3B37F7692ABB577900763D65 /* ContentView1.swift in Sources */,
				3B37F75D2AB9A1F400763D65 /* ReminderDetailScreen.swift in Sources */,
				3B37F7622AB9A71300763D65 /* SelectListView.swift in Sources */,
				3B37F7522AB3DADC00763D65 /* AddNewListScreen.swift in Sources */,
				3B37F7742ABC9FA700763D65 /* UIColorTransofrmer.swift in Sources */,
				3B37F7672ABB2DAA00763D65 /* ReminderListView.swift in Sources */,
				3B37F7762ABCA2C200763D65 /* ColorPickerView.swift in Sources */,
				3B37F7642AB9B1C700763D65 /* Delay.swift in Sources */,
				3B37F74E2AB3BB2600763D65 /* Mylist.swift in Sources */,
				3B37F7502AB3BBD700763D65 /* Reminder.swift in Sources */,
			);
			runOnlyForDeploymentPostprocessing = 0;
		};
/* End PBXSourcesBuildPhase section */

/* Begin XCBuildConfiguration section */
		3B37F7422AB3BA8200763D65 /* Debug */ = {
			isa = XCBuildConfiguration;
			buildSettings = {
				ALWAYS_SEARCH_USER_PATHS = NO;
				ASSETCATALOG_COMPILER_GENERATE_SWIFT_ASSET_SYMBOL_EXTENSIONS = YES;
				CLANG_ANALYZER_NONNULL = YES;
				CLANG_ANALYZER_NUMBER_OBJECT_CONVERSION = YES_AGGRESSIVE;
				CLANG_CXX_LANGUAGE_STANDARD = "gnu++20";
				CLANG_ENABLE_MODULES = YES;
				CLANG_ENABLE_OBJC_ARC = YES;
				CLANG_ENABLE_OBJC_WEAK = YES;
				CLANG_WARN_BLOCK_CAPTURE_AUTORELEASING = YES;
				CLANG_WARN_BOOL_CONVERSION = YES;
				CLANG_WARN_COMMA = YES;
				CLANG_WARN_CONSTANT_CONVERSION = YES;
				CLANG_WARN_DEPRECATED_OBJC_IMPLEMENTATIONS = YES;
				CLANG_WARN_DIRECT_OBJC_ISA_USAGE = YES_ERROR;
				CLANG_WARN_DOCUMENTATION_COMMENTS = YES;
				CLANG_WARN_EMPTY_BODY = YES;
				CLANG_WARN_ENUM_CONVERSION = YES;
				CLANG_WARN_INFINITE_RECURSION = YES;
				CLANG_WARN_INT_CONVERSION = YES;
				CLANG_WARN_NON_LITERAL_NULL_CONVERSION = YES;
				CLANG_WARN_OBJC_IMPLICIT_RETAIN_SELF = YES;
				CLANG_WARN_OBJC_LITERAL_CONVERSION = YES;
				CLANG_WARN_OBJC_ROOT_CLASS = YES_ERROR;
				CLANG_WARN_QUOTED_INCLUDE_IN_FRAMEWORK_HEADER = YES;
				CLANG_WARN_RANGE_LOOP_ANALYSIS = YES;
				CLANG_WARN_STRICT_PROTOTYPES = YES;
				CLANG_WARN_SUSPICIOUS_MOVE = YES;
				CLANG_WARN_UNGUARDED_AVAILABILITY = YES_AGGRESSIVE;
				CLANG_WARN_UNREACHABLE_CODE = YES;
				CLANG_WARN__DUPLICATE_METHOD_MATCH = YES;
				COPY_PHASE_STRIP = NO;
				DEBUG_INFORMATION_FORMAT = dwarf;
				ENABLE_STRICT_OBJC_MSGSEND = YES;
				ENABLE_TESTABILITY = YES;
				ENABLE_USER_SCRIPT_SANDBOXING = YES;
				GCC_C_LANGUAGE_STANDARD = gnu17;
				GCC_DYNAMIC_NO_PIC = NO;
				GCC_NO_COMMON_BLOCKS = YES;
				GCC_OPTIMIZATION_LEVEL = 0;
				GCC_PREPROCESSOR_DEFINITIONS = (
					"DEBUG=1",
					"$(inherited)",
				);
				GCC_WARN_64_TO_32_BIT_CONVERSION = YES;
				GCC_WARN_ABOUT_RETURN_TYPE = YES_ERROR;
				GCC_WARN_UNDECLARED_SELECTOR = YES;
				GCC_WARN_UNINITIALIZED_AUTOS = YES_AGGRESSIVE;
				GCC_WARN_UNUSED_FUNCTION = YES;
				GCC_WARN_UNUSED_VARIABLE = YES;
				IPHONEOS_DEPLOYMENT_TARGET = 17.0;
				LOCALIZATION_PREFERS_STRING_CATALOGS = YES;
				MTL_ENABLE_DEBUG_INFO = INCLUDE_SOURCE;
				MTL_FAST_MATH = YES;
				ONLY_ACTIVE_ARCH = YES;
				SDKROOT = iphoneos;
				SWIFT_ACTIVE_COMPILATION_CONDITIONS = "DEBUG $(inherited)";
				SWIFT_OPTIMIZATION_LEVEL = "-Onone";
			};
			name = Debug;
		};
		3B37F7432AB3BA8200763D65 /* Release */ = {
			isa = XCBuildConfiguration;
			buildSettings = {
				ALWAYS_SEARCH_USER_PATHS = NO;
				ASSETCATALOG_COMPILER_GENERATE_SWIFT_ASSET_SYMBOL_EXTENSIONS = YES;
				CLANG_ANALYZER_NONNULL = YES;
				CLANG_ANALYZER_NUMBER_OBJECT_CONVERSION = YES_AGGRESSIVE;
				CLANG_CXX_LANGUAGE_STANDARD = "gnu++20";
				CLANG_ENABLE_MODULES = YES;
				CLANG_ENABLE_OBJC_ARC = YES;
				CLANG_ENABLE_OBJC_WEAK = YES;
				CLANG_WARN_BLOCK_CAPTURE_AUTORELEASING = YES;
				CLANG_WARN_BOOL_CONVERSION = YES;
				CLANG_WARN_COMMA = YES;
				CLANG_WARN_CONSTANT_CONVERSION = YES;
				CLANG_WARN_DEPRECATED_OBJC_IMPLEMENTATIONS = YES;
				CLANG_WARN_DIRECT_OBJC_ISA_USAGE = YES_ERROR;
				CLANG_WARN_DOCUMENTATION_COMMENTS = YES;
				CLANG_WARN_EMPTY_BODY = YES;
				CLANG_WARN_ENUM_CONVERSION = YES;
				CLANG_WARN_INFINITE_RECURSION = YES;
				CLANG_WARN_INT_CONVERSION = YES;
				CLANG_WARN_NON_LITERAL_NULL_CONVERSION = YES;
				CLANG_WARN_OBJC_IMPLICIT_RETAIN_SELF = YES;
				CLANG_WARN_OBJC_LITERAL_CONVERSION = YES;
				CLANG_WARN_OBJC_ROOT_CLASS = YES_ERROR;
				CLANG_WARN_QUOTED_INCLUDE_IN_FRAMEWORK_HEADER = YES;
				CLANG_WARN_RANGE_LOOP_ANALYSIS = YES;
				CLANG_WARN_STRICT_PROTOTYPES = YES;
				CLANG_WARN_SUSPICIOUS_MOVE = YES;
				CLANG_WARN_UNGUARDED_AVAILABILITY = YES_AGGRESSIVE;
				CLANG_WARN_UNREACHABLE_CODE = YES;
				CLANG_WARN__DUPLICATE_METHOD_MATCH = YES;
				COPY_PHASE_STRIP = NO;
				DEBUG_INFORMATION_FORMAT = "dwarf-with-dsym";
				ENABLE_NS_ASSERTIONS = NO;
				ENABLE_STRICT_OBJC_MSGSEND = YES;
				ENABLE_USER_SCRIPT_SANDBOXING = YES;
				GCC_C_LANGUAGE_STANDARD = gnu17;
				GCC_NO_COMMON_BLOCKS = YES;
				GCC_WARN_64_TO_32_BIT_CONVERSION = YES;
				GCC_WARN_ABOUT_RETURN_TYPE = YES_ERROR;
				GCC_WARN_UNDECLARED_SELECTOR = YES;
				GCC_WARN_UNINITIALIZED_AUTOS = YES_AGGRESSIVE;
				GCC_WARN_UNUSED_FUNCTION = YES;
				GCC_WARN_UNUSED_VARIABLE = YES;
				IPHONEOS_DEPLOYMENT_TARGET = 17.0;
				LOCALIZATION_PREFERS_STRING_CATALOGS = YES;
				MTL_ENABLE_DEBUG_INFO = NO;
				MTL_FAST_MATH = YES;
				SDKROOT = iphoneos;
				SWIFT_COMPILATION_MODE = wholemodule;
				VALIDATE_PRODUCT = YES;
			};
			name = Release;
		};
		3B37F7452AB3BA8200763D65 /* Debug */ = {
			isa = XCBuildConfiguration;
			buildSettings = {
				ASSETCATALOG_COMPILER_APPICON_NAME = AppIcon;
				ASSETCATALOG_COMPILER_GLOBAL_ACCENT_COLOR_NAME = AccentColor;
				CODE_SIGN_STYLE = Automatic;
				CURRENT_PROJECT_VERSION = 1;
				DEVELOPMENT_ASSET_PATHS = "\"RemindersAppClone/Preview Content\"";
				DEVELOPMENT_TEAM = FQWAP959Y3;
				ENABLE_PREVIEWS = YES;
				GENERATE_INFOPLIST_FILE = YES;
				INFOPLIST_KEY_UIApplicationSceneManifest_Generation = YES;
				INFOPLIST_KEY_UIApplicationSupportsIndirectInputEvents = YES;
				INFOPLIST_KEY_UILaunchScreen_Generation = YES;
				INFOPLIST_KEY_UISupportedInterfaceOrientations_iPad = "UIInterfaceOrientationPortrait UIInterfaceOrientationPortraitUpsideDown UIInterfaceOrientationLandscapeLeft UIInterfaceOrientationLandscapeRight";
				INFOPLIST_KEY_UISupportedInterfaceOrientations_iPhone = "UIInterfaceOrientationPortrait UIInterfaceOrientationLandscapeLeft UIInterfaceOrientationLandscapeRight";
				LD_RUNPATH_SEARCH_PATHS = (
					"$(inherited)",
					"@executable_path/Frameworks",
				);
				MARKETING_VERSION = 1.0;
				PRODUCT_BUNDLE_IDENTIFIER = com.onflyer.RemindersAppClone;
				PRODUCT_NAME = "$(TARGET_NAME)";
				SWIFT_EMIT_LOC_STRINGS = YES;
				SWIFT_VERSION = 5.0;
				TARGETED_DEVICE_FAMILY = "1,2";
			};
			name = Debug;
		};
		3B37F7462AB3BA8200763D65 /* Release */ = {
			isa = XCBuildConfiguration;
			buildSettings = {
				ASSETCATALOG_COMPILER_APPICON_NAME = AppIcon;
				ASSETCATALOG_COMPILER_GLOBAL_ACCENT_COLOR_NAME = AccentColor;
				CODE_SIGN_STYLE = Automatic;
				CURRENT_PROJECT_VERSION = 1;
				DEVELOPMENT_ASSET_PATHS = "\"RemindersAppClone/Preview Content\"";
				DEVELOPMENT_TEAM = FQWAP959Y3;
				ENABLE_PREVIEWS = YES;
				GENERATE_INFOPLIST_FILE = YES;
				INFOPLIST_KEY_UIApplicationSceneManifest_Generation = YES;
				INFOPLIST_KEY_UIApplicationSupportsIndirectInputEvents = YES;
				INFOPLIST_KEY_UILaunchScreen_Generation = YES;
				INFOPLIST_KEY_UISupportedInterfaceOrientations_iPad = "UIInterfaceOrientationPortrait UIInterfaceOrientationPortraitUpsideDown UIInterfaceOrientationLandscapeLeft UIInterfaceOrientationLandscapeRight";
				INFOPLIST_KEY_UISupportedInterfaceOrientations_iPhone = "UIInterfaceOrientationPortrait UIInterfaceOrientationLandscapeLeft UIInterfaceOrientationLandscapeRight";
				LD_RUNPATH_SEARCH_PATHS = (
					"$(inherited)",
					"@executable_path/Frameworks",
				);
				MARKETING_VERSION = 1.0;
				PRODUCT_BUNDLE_IDENTIFIER = com.onflyer.RemindersAppClone;
				PRODUCT_NAME = "$(TARGET_NAME)";
				SWIFT_EMIT_LOC_STRINGS = YES;
				SWIFT_VERSION = 5.0;
				TARGETED_DEVICE_FAMILY = "1,2";
			};
			name = Release;
		};
/* End XCBuildConfiguration section */

/* Begin XCConfigurationList section */
		3B37F7312AB3BA8100763D65 /* Build configuration list for PBXProject "RemindersAppClone" */ = {
			isa = XCConfigurationList;
			buildConfigurations = (
				3B37F7422AB3BA8200763D65 /* Debug */,
				3B37F7432AB3BA8200763D65 /* Release */,
			);
			defaultConfigurationIsVisible = 0;
			defaultConfigurationName = Release;
		};
		3B37F7442AB3BA8200763D65 /* Build configuration list for PBXNativeTarget "RemindersAppClone" */ = {
			isa = XCConfigurationList;
			buildConfigurations = (
				3B37F7452AB3BA8200763D65 /* Debug */,
				3B37F7462AB3BA8200763D65 /* Release */,
			);
			defaultConfigurationIsVisible = 0;
			defaultConfigurationName = Release;
		};
/* End XCConfigurationList section */
	};
	rootObject = 3B37F72E2AB3BA8100763D65 /* Project object */;
}
